version = 1
revision = 1
requires-python = ">=3.8"

[[package]]
name = "attrs"
version = "25.1.0"
source = { registry = "https://pypi.org/simple" }
sdist = { url = "https://files.pythonhosted.org/packages/49/7c/fdf464bcc51d23881d110abd74b512a42b3d5d376a55a831b44c603ae17f/attrs-25.1.0.tar.gz", hash = "sha256:1c97078a80c814273a76b2a298a932eb681c87415c11dee0a6921de7f1b02c3e", size = 810562 }
wheels = [
    { url = "https://files.pythonhosted.org/packages/fc/30/d4986a882011f9df997a55e6becd864812ccfcd821d64aac8570ee39f719/attrs-25.1.0-py3-none-any.whl", hash = "sha256:c75a69e28a550a7e93789579c22aa26b0f5b83b75dc4e08fe092980051e1090a", size = 63152 },
]

[[package]]
name = "jsonlines"
version = "4.0.0"
source = { registry = "https://pypi.org/simple" }
dependencies = [
    { name = "attrs" },
]
sdist = { url = "https://files.pythonhosted.org/packages/35/87/bcda8e46c88d0e34cad2f09ee2d0c7f5957bccdb9791b0b934ec84d84be4/jsonlines-4.0.0.tar.gz", hash = "sha256:0c6d2c09117550c089995247f605ae4cf77dd1533041d366351f6f298822ea74", size = 11359 }
wheels = [
    { url = "https://files.pythonhosted.org/packages/f8/62/d9ba6323b9202dd2fe166beab8a86d29465c41a0288cbe229fac60c1ab8d/jsonlines-4.0.0-py3-none-any.whl", hash = "sha256:185b334ff2ca5a91362993f42e83588a360cf95ce4b71a73548502bda52a7c55", size = 8701 },
]

[[package]]
name = "py-bindings"
source = { editable = "." }

[package.dev-dependencies]
dev = [
    { name = "jsonlines" },
]

[package.metadata]

[package.metadata.requires-dev]
dev = [{ name = "jsonlines" }]
